// !$*UTF8*$!
{
	archiveVersion = 1;
	classes = {
	};
	objectVersion = 46;
	objects = {

/* Begin PBXBuildFile section */
		E23FCD701FDE5576005DBE1B /* RecipeListViewController.swift in Sources */ = {isa = PBXBuildFile; fileRef = E23FCD6F1FDE5576005DBE1B /* RecipeListViewController.swift */; };
		E23FCD721FDE5B40005DBE1B /* RecipeCategories.swift in Sources */ = {isa = PBXBuildFile; fileRef = E23FCD711FDE5B40005DBE1B /* RecipeCategories.swift */; };
		E24C89E71FDB69DD00C8B742 /* AppDelegate.swift in Sources */ = {isa = PBXBuildFile; fileRef = E24C89E61FDB69DD00C8B742 /* AppDelegate.swift */; };
		E24C89E91FDB69DD00C8B742 /* ViewController.swift in Sources */ = {isa = PBXBuildFile; fileRef = E24C89E81FDB69DD00C8B742 /* ViewController.swift */; };
		E24C89EE1FDB69DD00C8B742 /* Assets.xcassets in Resources */ = {isa = PBXBuildFile; fileRef = E24C89ED1FDB69DD00C8B742 /* Assets.xcassets */; };
		E24C89F11FDB69DD00C8B742 /* LaunchScreen.storyboard in Resources */ = {isa = PBXBuildFile; fileRef = E24C89EF1FDB69DD00C8B742 /* LaunchScreen.storyboard */; };
		E26E61F41FDBC2FD002EA6F4 /* RecipeCategoriesVC.swift in Sources */ = {isa = PBXBuildFile; fileRef = E26E61F31FDBC2FD002EA6F4 /* RecipeCategoriesVC.swift */; };
		E2DB58D21FE288CE00960F8C /* Main.storyboard in Resources */ = {isa = PBXBuildFile; fileRef = E2DB58D01FE288CE00960F8C /* Main.storyboard */; };
		E2F59E011FE01FB700B6BD9E /* ReciepeTableViewCell.swift in Sources */ = {isa = PBXBuildFile; fileRef = E2F59E001FE01FB700B6BD9E /* ReciepeTableViewCell.swift */; };
		E2FB2A031FE0F09D00A99E7E /* RecipeIngredientsViewController.swift in Sources */ = {isa = PBXBuildFile; fileRef = E2FB2A021FE0F09D00A99E7E /* RecipeIngredientsViewController.swift */; };
/* End PBXBuildFile section */

/* Begin PBXFileReference section */
		E23FCD6F1FDE5576005DBE1B /* RecipeListViewController.swift */ = {isa = PBXFileReference; fileEncoding = 4; lastKnownFileType = sourcecode.swift; path = RecipeListViewController.swift; sourceTree = "<group>"; };
		E23FCD711FDE5B40005DBE1B /* RecipeCategories.swift */ = {isa = PBXFileReference; fileEncoding = 4; lastKnownFileType = sourcecode.swift; path = RecipeCategories.swift; sourceTree = "<group>"; };
		E24C89E31FDB69DD00C8B742 /* HomeMadeRecipes.app */ = {isa = PBXFileReference; explicitFileType = wrapper.application; includeInIndex = 0; path = HomeMadeRecipes.app; sourceTree = BUILT_PRODUCTS_DIR; };
		E24C89E61FDB69DD00C8B742 /* AppDelegate.swift */ = {isa = PBXFileReference; lastKnownFileType = sourcecode.swift; path = AppDelegate.swift; sourceTree = "<group>"; };
		E24C89E81FDB69DD00C8B742 /* ViewController.swift */ = {isa = PBXFileReference; lastKnownFileType = sourcecode.swift; path = ViewController.swift; sourceTree = "<group>"; };
		E24C89ED1FDB69DD00C8B742 /* Assets.xcassets */ = {isa = PBXFileReference; lastKnownFileType = folder.assetcatalog; path = Assets.xcassets; sourceTree = "<group>"; };
		E24C89F01FDB69DD00C8B742 /* Base */ = {isa = PBXFileReference; lastKnownFileType = file.storyboard; name = Base; path = Base.lproj/LaunchScreen.storyboard; sourceTree = "<group>"; };
		E24C89F21FDB69DD00C8B742 /* Info.plist */ = {isa = PBXFileReference; lastKnownFileType = text.plist.xml; path = Info.plist; sourceTree = "<group>"; };
		E26E61F31FDBC2FD002EA6F4 /* RecipeCategoriesVC.swift */ = {isa = PBXFileReference; fileEncoding = 4; lastKnownFileType = sourcecode.swift; path = RecipeCategoriesVC.swift; sourceTree = "<group>"; };
		E2DB58D11FE288CE00960F8C /* Base */ = {isa = PBXFileReference; lastKnownFileType = file.storyboard; name = Base; path = Base.lproj/Main.storyboard; sourceTree = "<group>"; };
		E2F59E001FE01FB700B6BD9E /* ReciepeTableViewCell.swift */ = {isa = PBXFileReference; fileEncoding = 4; lastKnownFileType = sourcecode.swift; path = ReciepeTableViewCell.swift; sourceTree = "<group>"; };
		E2FB2A021FE0F09D00A99E7E /* RecipeIngredientsViewController.swift */ = {isa = PBXFileReference; fileEncoding = 4; lastKnownFileType = sourcecode.swift; path = RecipeIngredientsViewController.swift; sourceTree = "<group>"; };
/* End PBXFileReference section */

/* Begin PBXFrameworksBuildPhase section */
		E24C89E01FDB69DD00C8B742 /* Frameworks */ = {
			isa = PBXFrameworksBuildPhase;
			buildActionMask = 2147483647;
			files = (
			);
			runOnlyForDeploymentPostprocessing = 0;
		};
/* End PBXFrameworksBuildPhase section */

/* Begin PBXGroup section */
		E24C89DA1FDB69DC00C8B742 = {
			isa = PBXGroup;
			children = (
				E24C89E51FDB69DD00C8B742 /* HomeMadeRecipes */,
				E24C89E41FDB69DD00C8B742 /* Products */,
			);
			sourceTree = "<group>";
		};
		E24C89E41FDB69DD00C8B742 /* Products */ = {
			isa = PBXGroup;
			children = (
				E24C89E31FDB69DD00C8B742 /* HomeMadeRecipes.app */,
			);
			name = Products;
			sourceTree = "<group>";
		};
		E24C89E51FDB69DD00C8B742 /* HomeMadeRecipes */ = {
			isa = PBXGroup;
			children = (
				E24C89FA1FDB6A0C00C8B742 /* Controller */,
				E24C89F91FDB6A0400C8B742 /* View */,
				E24C89F81FDB69FD00C8B742 /* Model */,
				E24C89ED1FDB69DD00C8B742 /* Assets.xcassets */,
				E24C89F21FDB69DD00C8B742 /* Info.plist */,
			);
			path = HomeMadeRecipes;
			sourceTree = "<group>";
		};
		E24C89F81FDB69FD00C8B742 /* Model */ = {
			isa = PBXGroup;
			children = (
				E23FCD711FDE5B40005DBE1B /* RecipeCategories.swift */,
			);
			name = Model;
			sourceTree = "<group>";
		};
		E24C89F91FDB6A0400C8B742 /* View */ = {
			isa = PBXGroup;
			children = (
				E2DB58D01FE288CE00960F8C /* Main.storyboard */,
				E24C89EF1FDB69DD00C8B742 /* LaunchScreen.storyboard */,
			);
			name = View;
			sourceTree = "<group>";
		};
		E24C89FA1FDB6A0C00C8B742 /* Controller */ = {
			isa = PBXGroup;
			children = (
				E24C89E61FDB69DD00C8B742 /* AppDelegate.swift */,
				E24C89E81FDB69DD00C8B742 /* ViewController.swift */,
				E26E61F31FDBC2FD002EA6F4 /* RecipeCategoriesVC.swift */,
				E23FCD6F1FDE5576005DBE1B /* RecipeListViewController.swift */,
				E2F59E001FE01FB700B6BD9E /* ReciepeTableViewCell.swift */,
				E2FB2A021FE0F09D00A99E7E /* RecipeIngredientsViewController.swift */,
			);
			name = Controller;
			sourceTree = "<group>";
		};
/* End PBXGroup section */

/* Begin PBXNativeTarget section */
		E24C89E21FDB69DD00C8B742 /* HomeMadeRecipes */ = {
			isa = PBXNativeTarget;
			buildConfigurationList = E24C89F51FDB69DD00C8B742 /* Build configuration list for PBXNativeTarget "HomeMadeRecipes" */;
			buildPhases = (
				E24C89DF1FDB69DD00C8B742 /* Sources */,
				E24C89E01FDB69DD00C8B742 /* Frameworks */,
				E24C89E11FDB69DD00C8B742 /* Resources */,
			);
			buildRules = (
			);
			dependencies = (
			);
			name = HomeMadeRecipes;
			productName = HomeMadeRecipes;
			productReference = E24C89E31FDB69DD00C8B742 /* HomeMadeRecipes.app */;
			productType = "com.apple.product-type.application";
		};
/* End PBXNativeTarget section */

/* Begin PBXProject section */
		E24C89DB1FDB69DC00C8B742 /* Project object */ = {
			isa = PBXProject;
			attributes = {
				LastSwiftUpdateCheck = 0810;
				LastUpgradeCheck = 0810;
				ORGANIZATIONNAME = ahmedmedhat;
				TargetAttributes = {
					E24C89E21FDB69DD00C8B742 = {
						CreatedOnToolsVersion = 8.1;
						DevelopmentTeam = 577H3ZU4H5;
						ProvisioningStyle = Automatic;
					};
				};
			};
			buildConfigurationList = E24C89DE1FDB69DC00C8B742 /* Build configuration list for PBXProject "HomeMadeRecipes" */;
			compatibilityVersion = "Xcode 3.2";
			developmentRegion = English;
			hasScannedForEncodings = 0;
			knownRegions = (
				en,
				Base,
			);
			mainGroup = E24C89DA1FDB69DC00C8B742;
			productRefGroup = E24C89E41FDB69DD00C8B742 /* Products */;
			projectDirPath = "";
			projectRoot = "";
			targets = (
				E24C89E21FDB69DD00C8B742 /* HomeMadeRecipes */,
			);
		};
/* End PBXProject section */

/* Begin PBXResourcesBuildPhase section */
		E24C89E11FDB69DD00C8B742 /* Resources */ = {
			isa = PBXResourcesBuildPhase;
			buildActionMask = 2147483647;
			files = (
				E2DB58D21FE288CE00960F8C /* Main.storyboard in Resources */,
				E24C89F11FDB69DD00C8B742 /* LaunchScreen.storyboard in Resources */,
				E24C89EE1FDB69DD00C8B742 /* Assets.xcassets in Resources */,
			);
			runOnlyForDeploymentPostprocessing = 0;
		};
/* End PBXResourcesBuildPhase section */

/* Begin PBXSourcesBuildPhase section */
		E24C89DF1FDB69DD00C8B742 /* Sources */ = {
			isa = PBXSourcesBuildPhase;
			buildActionMask = 2147483647;
			files = (
				E23FCD701FDE5576005DBE1B /* RecipeListViewController.swift in Sources */,
				E2FB2A031FE0F09D00A99E7E /* RecipeIngredientsViewController.swift in Sources */,
				E23FCD721FDE5B40005DBE1B /* RecipeCategories.swift in Sources */,
				E26E61F41FDBC2FD002EA6F4 /* RecipeCategoriesVC.swift in Sources */,
				E2F59E011FE01FB700B6BD9E /* ReciepeTableViewCell.swift in Sources */,
				E24C89E91FDB69DD00C8B742 /* ViewController.swift in Sources */,
				E24C89E71FDB69DD00C8B742 /* AppDelegate.swift in Sources */,
			);
			runOnlyForDeploymentPostprocessing = 0;
		};
/* End PBXSourcesBuildPhase section */

/* Begin PBXVariantGroup section */
		E24C89EF1FDB69DD00C8B742 /* LaunchScreen.storyboard */ = {
			isa = PBXVariantGroup;
			children = (
				E24C89F01FDB69DD00C8B742 /* Base */,
			);
			name = LaunchScreen.storyboard;
			sourceTree = "<group>";
		};
		E2DB58D01FE288CE00960F8C /* Main.storyboard */ = {
			isa = PBXVariantGroup;
			children = (
				E2DB58D11FE288CE00960F8C /* Base */,
			);
			name = Main.storyboard;
			sourceTree = "<group>";
		};
/* End PBXVariantGroup section */

/* Begin XCBuildConfiguration section */
		E24C89F31FDB69DD00C8B742 /* Debug */ = {
			isa = XCBuildConfiguration;
			buildSettings = {
				ALWAYS_SEARCH_USER_PATHS = NO;
				CLANG_ANALYZER_NONNULL = YES;
				CLANG_CXX_LANGUAGE_STANDARD = "gnu++0x";
				CLANG_CXX_LIBRARY = "libc++";
				CLANG_ENABLE_MODULES = YES;
				CLANG_ENABLE_OBJC_ARC = YES;
				CLANG_WARN_BOOL_CONVERSION = YES;
				CLANG_WARN_CONSTANT_CONVERSION = YES;
				CLANG_WARN_DIRECT_OBJC_ISA_USAGE = YES_ERROR;
				CLANG_WARN_DOCUMENTATION_COMMENTS = YES;
				CLANG_WARN_EMPTY_BODY = YES;
				CLANG_WARN_ENUM_CONVERSION = YES;
				CLANG_WARN_INFINITE_RECURSION = YES;
				CLANG_WARN_INT_CONVERSION = YES;
				CLANG_WARN_OBJC_ROOT_CLASS = YES_ERROR;
				CLANG_WARN_SUSPICIOUS_MOVES = YES;
				CLANG_WARN_UNREACHABLE_CODE = YES;
				CLANG_WARN__DUPLICATE_METHOD_MATCH = YES;
				"CODE_SIGN_IDENTITY[sdk=iphoneos*]" = "iPhone Developer";
				COPY_PHASE_STRIP = NO;
				DEBUG_INFORMATION_FORMAT = dwarf;
				ENABLE_STRICT_OBJC_MSGSEND = YES;
				ENABLE_TESTABILITY = YES;
				GCC_C_LANGUAGE_STANDARD = gnu99;
				GCC_DYNAMIC_NO_PIC = NO;
				GCC_NO_COMMON_BLOCKS = YES;
				GCC_OPTIMIZATION_LEVEL = 0;
				GCC_PREPROCESSOR_DEFINITIONS = (
					"DEBUG=1",
					"$(inherited)",
				);
				GCC_WARN_64_TO_32_BIT_CONVERSION = YES;
				GCC_WARN_ABOUT_RETURN_TYPE = YES_ERROR;
				GCC_WARN_UNDECLARED_SELECTOR = YES;
				GCC_WARN_UNINITIALIZED_AUTOS = YES_AGGRESSIVE;
				GCC_WARN_UNUSED_FUNCTION = YES;
				GCC_WARN_UNUSED_VARIABLE = YES;
				IPHONEOS_DEPLOYMENT_TARGET = 10.1;
				MTL_ENABLE_DEBUG_INFO = YES;
				ONLY_ACTIVE_ARCH = YES;
				SDKROOT = iphoneos;
				SWIFT_ACTIVE_COMPILATION_CONDITIONS = DEBUG;
				SWIFT_OPTIMIZATION_LEVEL = "-Onone";
			};
			name = Debug;
		};
		E24C89F41FDB69DD00C8B742 /* Release */ = {
			isa = XCBuildConfiguration;
			buildSettings = {
				ALWAYS_SEARCH_USER_PATHS = NO;
				CLANG_ANALYZER_NONNULL = YES;
				CLANG_CXX_LANGUAGE_STANDARD = "gnu++0x";
				CLANG_CXX_LIBRARY = "libc++";
				CLANG_ENABLE_MODULES = YES;
				CLANG_ENABLE_OBJC_ARC = YES;
				CLANG_WARN_BOOL_CONVERSION = YES;
				CLANG_WARN_CONSTANT_CONVERSION = YES;
				CLANG_WARN_DIRECT_OBJC_ISA_USAGE = YES_ERROR;
				CLANG_WARN_DOCUMENTATION_COMMENTS = YES;
				CLANG_WARN_EMPTY_BODY = YES;
				CLANG_WARN_ENUM_CONVERSION = YES;
				CLANG_WARN_INFINITE_RECURSION = YES;
				CLANG_WARN_INT_CONVERSION = YES;
				CLANG_WARN_OBJC_ROOT_CLASS = YES_ERROR;
				CLANG_WARN_SUSPICIOUS_MOVES = YES;
				CLANG_WARN_UNREACHABLE_CODE = YES;
				CLANG_WARN__DUPLICATE_METHOD_MATCH = YES;
				"CODE_SIGN_IDENTITY[sdk=iphoneos*]" = "iPhone Developer";
				COPY_PHASE_STRIP = NO;
				DEBUG_INFORMATION_FORMAT = "dwarf-with-dsym";
				ENABLE_NS_ASSERTIONS = NO;
				ENABLE_STRICT_OBJC_MSGSEND = YES;
				GCC_C_LANGUAGE_STANDARD = gnu99;
				GCC_NO_COMMON_BLOCKS = YES;
				GCC_WARN_64_TO_32_BIT_CONVERSION = YES;
				GCC_WARN_ABOUT_RETURN_TYPE = YES_ERROR;
				GCC_WARN_UNDECLARED_SELECTOR = YES;
				GCC_WARN_UNINITIALIZED_AUTOS = YES_AGGRESSIVE;
				GCC_WARN_UNUSED_FUNCTION = YES;
				GCC_WARN_UNUSED_VARIABLE = YES;
				IPHONEOS_DEPLOYMENT_TARGET = 10.1;
				MTL_ENABLE_DEBUG_INFO = NO;
				SDKROOT = iphoneos;
				SWIFT_OPTIMIZATION_LEVEL = "-Owholemodule";
				VALIDATE_PRODUCT = YES;
			};
			name = Release;
		};
		E24C89F61FDB69DD00C8B742 /* Debug */ = {
			isa = XCBuildConfiguration;
			buildSettings = {
				ASSETCATALOG_COMPILER_APPICON_NAME = AppIcon;
				DEVELOPMENT_TEAM = 577H3ZU4H5;
				INFOPLIST_FILE = HomeMadeRecipes/Info.plist;
				IPHONEOS_DEPLOYMENT_TARGET = 9.2;
				LD_RUNPATH_SEARCH_PATHS = "$(inherited) @executable_path/Frameworks";
				PRODUCT_BUNDLE_IDENTIFIER = com.ahmednoureldin;
				PRODUCT_NAME = "$(TARGET_NAME)";
				SWIFT_VERSION = 3.0;
			};
			name = Debug;
		};
		E24C89F71FDB69DD00C8B742 /* Release */ = {
			isa = XCBuildConfiguration;
			buildSettings = {
				ASSETCATALOG_COMPILER_APPICON_NAME = AppIcon;
				DEVELOPMENT_TEAM = 577H3ZU4H5;
				INFOPLIST_FILE = HomeMadeRecipes/Info.plist;
				IPHONEOS_DEPLOYMENT_TARGET = 9.2;
				LD_RUNPATH_SEARCH_PATHS = "$(inherited) @executable_path/Frameworks";
				PRODUCT_BUNDLE_IDENTIFIER = com.ahmednoureldin;
				PRODUCT_NAME = "$(TARGET_NAME)";
				SWIFT_VERSION = 3.0;
			};
			name = Release;
		};
/* End XCBuildConfiguration section */

/* Begin XCConfigurationList section */
		E24C89DE1FDB69DC00C8B742 /* Build configuration list for PBXProject "HomeMadeRecipes" */ = {
			isa = XCConfigurationList;
			buildConfigurations = (
				E24C89F31FDB69DD00C8B742 /* Debug */,
				E24C89F41FDB69DD00C8B742 /* Release */,
			);
			defaultConfigurationIsVisible = 0;
			defaultConfigurationName = Release;
		};
		E24C89F51FDB69DD00C8B742 /* Build configuration list for PBXNativeTarget "HomeMadeRecipes" */ = {
			isa = XCConfigurationList;
			buildConfigurations = (
				E24C89F61FDB69DD00C8B742 /* Debug */,
				E24C89F71FDB69DD00C8B742 /* Release */,
			);
			defaultConfigurationIsVisible = 0;
			defaultConfigurationName = Release;
		};
/* End XCConfigurationList section */
	};
	rootObject = E24C89DB1FDB69DC00C8B742 /* Project object */;
}
